
Microsoft Visual Studio Solution File, Format Version 12.00
# Visual Studio Version 16
VisualStudioVersion = 16.0.32413.511
MinimumVisualStudioVersion = 10.0.40219.1
Project("{2150E333-8FDC-42A3-9474-1A3956D46DE8}") = "Task0", "Task0", "{A7697747-E456-42A3-A5FA-3DCC9B0629B2}"
EndProject
Project("{8BC9CEB8-8B4A-11D0-8D11-00A0C91BC942}") = "Tyuiu.NikolaevaAN.Sprint0.Task0.V0", "Tyuiu.NikolaevaAN.Sprint0.Task0.V0\Tyuiu.NikolaevaAN.Sprint0.Task0.V0.vcxproj", "{52AFFC5C-5064-4845-976C-EFD7F118C756}"
EndProject
Project("{2150E333-8FDC-42A3-9474-1A3956D46DE8}") = "Task1", "Task1", "{6286D9E7-4B7A-4F72-83CE-879949896950}"
EndProject
Project("{8BC9CEB8-8B4A-11D0-8D11-00A0C91BC942}") = "Tyuiu.NikolaevaAN.Sprint0.Task1.V0", "Tyuiu.NikolaevaAN.Sprint0.Task1.V0\Tyuiu.NikolaevaAN.Sprint0.Task1.V0.vcxproj", "{59E1FCA6-7AF5-453D-A062-9635105D9AE4}"
EndProject
Project("{2150E333-8FDC-42A3-9474-1A3956D46DE8}") = "Task2", "Task2", "{D800075D-AB5A-4E6D-8912-7B043BEB5A0B}"
EndProject
Project("{8BC9CEB8-8B4A-11D0-8D11-00A0C91BC942}") = "Tyuiu.NikolaevaAN.Sprint0.Task2.V0", "Tyuiu.NikolaevaAN.Sprint0.Task2.V0\Tyuiu.NikolaevaAN.Sprint0.Task2.V0.vcxproj", "{C413606F-0B52-490F-A47F-6DFB9E4EDA5D}"
EndProject
Project("{8BC9CEB8-8B4A-11D0-8D11-00A0C91BC942}") = "Tyuiu.NikolaevaAN.Sprint0.Task2.V0.Lib", "Tyuiu.NikolaevaAN.Sprint0.Task2.V0.Lib\Tyuiu.NikolaevaAN.Sprint0.Task2.V0.Lib.vcxproj", "{F9F7CCC6-59EF-4F77-AB4E-4026AE58F131}"
EndProject
Project("{8BC9CEB8-8B4A-11D0-8D11-00A0C91BC942}") = "Tyuiu.NikolaevaAN.Sprint0.Task2.V0.Test", "Tyuiu.NikolaevaAN.Sprint0.Task2.V0.Test\Tyuiu.NikolaevaAN.Sprint0.Task2.V0.Test.vcxproj", "{AA02A841-D973-4157-B02D-EE3495701127}"
EndProject
Project("{2150E333-8FDC-42A3-9474-1A3956D46DE8}") = "Task3", "Task3", "{7DC47D79-5966-4E41-B84C-045145AF3CAB}"
EndProject
Project("{8BC9CEB8-8B4A-11D0-8D11-00A0C91BC942}") = "Tyuiu.NikolaevaAN.Sprint0.Task3.V0.Test", "Tyuiu.NikolaevaAN.Sprint0.Task3.V0.Test\Tyuiu.NikolaevaAN.Sprint0.Task3.V0.Test.vcxproj", "{8D0CFCC4-528A-4F71-B906-41C628363FBD}"
EndProject
Project("{8BC9CEB8-8B4A-11D0-8D11-00A0C91BC942}") = "Tyuiu.NikolaevaAN.Sprint0.Task3.V0.Lib", "Tyuiu.NikolaevaAN.Sprint0.Task3.V0.Lib\Tyuiu.NikolaevaAN.Sprint0.Task3.V0.Lib.vcxproj", "{BF770C07-9B9F-4405-A19E-6AD51A9246FB}"
EndProject
Project("{8BC9CEB8-8B4A-11D0-8D11-00A0C91BC942}") = "Tyuiu.NikolaevaAN.Sprint0.Task3.V0", "Tyuiu.NikolaevaAN.Sprint0.Task3.V0\Tyuiu.NikolaevaAN.Sprint0.Task3.V0.vcxproj", "{3B34A780-4FC5-4DB9-8AAF-4A4F46562401}"
EndProject
Project("{8BC9CEB8-8B4A-11D0-8D11-00A0C91BC942}") = "Tyuiu.NikolaevaAN.Sprint0.Task4.V5.Lib", "Tyuiu.NikolaevaAN.Sprint0.Task4.V5.Lib\Tyuiu.NikolaevaAN.Sprint0.Task4.V5.Lib.vcxproj", "{9548756D-D5E6-46D2-AA5F-6409587EB6D6}"
EndProject
Project("{2150E333-8FDC-42A3-9474-1A3956D46DE8}") = "Task4", "Task4", "{31D29B0B-3D51-49CF-82DB-10FD9E38953C}"
EndProject
Project("{8BC9CEB8-8B4A-11D0-8D11-00A0C91BC942}") = "Tyuiu.NikolaevaAN.Sprint0.Task4.V5", "Tyuiu.NikolaevaAN.Sprint0.Task4.V5\Tyuiu.NikolaevaAN.Sprint0.Task4.V5.vcxproj", "{E382E8BE-8B12-4775-B7D0-BEB052EC8F60}"
EndProject
Project("{8BC9CEB8-8B4A-11D0-8D11-00A0C91BC942}") = "Tyuiu.NikolaevaAN.Sprint0.Task4.V5.Test", "Tyuiu.NikolaevaAN.Sprint0.Task4.V5.Test\Tyuiu.NikolaevaAN.Sprint0.Task4.V5.Test.vcxproj", "{0DDC78DB-00D7-4BC6-A8C8-7D3EDD2E0F69}"
EndProject
Project("{2150E333-8FDC-42A3-9474-1A3956D46DE8}") = "Task5", "Task5", "{B19406A2-412D-481B-8DDA-4372EAE52943}"
EndProject
Project("{8BC9CEB8-8B4A-11D0-8D11-00A0C91BC942}") = "Tyuiu.NikolaevaAN.Sprint0.Task5.V5", "Tyuiu.NikolaevaAN.Sprint0.Task5.V0\Tyuiu.NikolaevaAN.Sprint0.Task5.V0.vcxproj", "{843D449D-E919-424E-99D6-E81D6F05C01A}"
EndProject
Project("{8BC9CEB8-8B4A-11D0-8D11-00A0C91BC942}") = "Tyuiu.NikolaevaAN.Sprint0.Task5.V5.Lib", "Tyuiu.NikolaevaAN.Sprint0.Task5.V5.Lib\Tyuiu.NikolaevaAN.Sprint0.Task5.V5.Lib.vcxproj", "{56935A10-342E-44AC-B7C6-1584BAD53B4D}"
EndProject
Global
	GlobalSection(SolutionConfigurationPlatforms) = preSolution
		Debug|x64 = Debug|x64
		Debug|x86 = Debug|x86
		Release|x64 = Release|x64
		Release|x86 = Release|x86
	EndGlobalSection
	GlobalSection(ProjectConfigurationPlatforms) = postSolution
		{52AFFC5C-5064-4845-976C-EFD7F118C756}.Debug|x64.ActiveCfg = Debug|x64
		{52AFFC5C-5064-4845-976C-EFD7F118C756}.Debug|x64.Build.0 = Debug|x64
		{52AFFC5C-5064-4845-976C-EFD7F118C756}.Debug|x86.ActiveCfg = Debug|Win32
		{52AFFC5C-5064-4845-976C-EFD7F118C756}.Debug|x86.Build.0 = Debug|Win32
		{52AFFC5C-5064-4845-976C-EFD7F118C756}.Release|x64.ActiveCfg = Release|x64
		{52AFFC5C-5064-4845-976C-EFD7F118C756}.Release|x64.Build.0 = Release|x64
		{52AFFC5C-5064-4845-976C-EFD7F118C756}.Release|x86.ActiveCfg = Release|Win32
		{52AFFC5C-5064-4845-976C-EFD7F118C756}.Release|x86.Build.0 = Release|Win32
		{59E1FCA6-7AF5-453D-A062-9635105D9AE4}.Debug|x64.ActiveCfg = Debug|x64
		{59E1FCA6-7AF5-453D-A062-9635105D9AE4}.Debug|x64.Build.0 = Debug|x64
		{59E1FCA6-7AF5-453D-A062-9635105D9AE4}.Debug|x86.ActiveCfg = Debug|Win32
		{59E1FCA6-7AF5-453D-A062-9635105D9AE4}.Debug|x86.Build.0 = Debug|Win32
		{59E1FCA6-7AF5-453D-A062-9635105D9AE4}.Release|x64.ActiveCfg = Release|x64
		{59E1FCA6-7AF5-453D-A062-9635105D9AE4}.Release|x64.Build.0 = Release|x64
		{59E1FCA6-7AF5-453D-A062-9635105D9AE4}.Release|x86.ActiveCfg = Release|Win32
		{59E1FCA6-7AF5-453D-A062-9635105D9AE4}.Release|x86.Build.0 = Release|Win32
		{C413606F-0B52-490F-A47F-6DFB9E4EDA5D}.Debug|x64.ActiveCfg = Debug|x64
		{C413606F-0B52-490F-A47F-6DFB9E4EDA5D}.Debug|x64.Build.0 = Debug|x64
		{C413606F-0B52-490F-A47F-6DFB9E4EDA5D}.Debug|x86.ActiveCfg = Debug|Win32
		{C413606F-0B52-490F-A47F-6DFB9E4EDA5D}.Debug|x86.Build.0 = Debug|Win32
		{C413606F-0B52-490F-A47F-6DFB9E4EDA5D}.Release|x64.ActiveCfg = Release|x64
		{C413606F-0B52-490F-A47F-6DFB9E4EDA5D}.Release|x64.Build.0 = Release|x64
		{C413606F-0B52-490F-A47F-6DFB9E4EDA5D}.Release|x86.ActiveCfg = Release|Win32
		{C413606F-0B52-490F-A47F-6DFB9E4EDA5D}.Release|x86.Build.0 = Release|Win32
		{F9F7CCC6-59EF-4F77-AB4E-4026AE58F131}.Debug|x64.ActiveCfg = Debug|x64
		{F9F7CCC6-59EF-4F77-AB4E-4026AE58F131}.Debug|x64.Build.0 = Debug|x64
		{F9F7CCC6-59EF-4F77-AB4E-4026AE58F131}.Debug|x86.ActiveCfg = Debug|Win32
		{F9F7CCC6-59EF-4F77-AB4E-4026AE58F131}.Debug|x86.Build.0 = Debug|Win32
		{F9F7CCC6-59EF-4F77-AB4E-4026AE58F131}.Release|x64.ActiveCfg = Release|x64
		{F9F7CCC6-59EF-4F77-AB4E-4026AE58F131}.Release|x64.Build.0 = Release|x64
		{F9F7CCC6-59EF-4F77-AB4E-4026AE58F131}.Release|x86.ActiveCfg = Release|Win32
		{F9F7CCC6-59EF-4F77-AB4E-4026AE58F131}.Release|x86.Build.0 = Release|Win32
		{AA02A841-D973-4157-B02D-EE3495701127}.Debug|x64.ActiveCfg = Debug|x64
		{AA02A841-D973-4157-B02D-EE3495701127}.Debug|x64.Build.0 = Debug|x64
		{AA02A841-D973-4157-B02D-EE3495701127}.Debug|x86.ActiveCfg = Debug|Win32
		{AA02A841-D973-4157-B02D-EE3495701127}.Debug|x86.Build.0 = Debug|Win32
		{AA02A841-D973-4157-B02D-EE3495701127}.Release|x64.ActiveCfg = Release|x64
		{AA02A841-D973-4157-B02D-EE3495701127}.Release|x64.Build.0 = Release|x64
		{AA02A841-D973-4157-B02D-EE3495701127}.Release|x86.ActiveCfg = Release|Win32
		{AA02A841-D973-4157-B02D-EE3495701127}.Release|x86.Build.0 = Release|Win32
		{8D0CFCC4-528A-4F71-B906-41C628363FBD}.Debug|x64.ActiveCfg = Debug|x64
		{8D0CFCC4-528A-4F71-B906-41C628363FBD}.Debug|x64.Build.0 = Debug|x64
		{8D0CFCC4-528A-4F71-B906-41C628363FBD}.Debug|x86.ActiveCfg = Debug|Win32
		{8D0CFCC4-528A-4F71-B906-41C628363FBD}.Debug|x86.Build.0 = Debug|Win32
		{8D0CFCC4-528A-4F71-B906-41C628363FBD}.Release|x64.ActiveCfg = Release|x64
		{8D0CFCC4-528A-4F71-B906-41C628363FBD}.Release|x64.Build.0 = Release|x64
		{8D0CFCC4-528A-4F71-B906-41C628363FBD}.Release|x86.ActiveCfg = Release|Win32
		{8D0CFCC4-528A-4F71-B906-41C628363FBD}.Release|x86.Build.0 = Release|Win32
		{BF770C07-9B9F-4405-A19E-6AD51A9246FB}.Debug|x64.ActiveCfg = Debug|x64
		{BF770C07-9B9F-4405-A19E-6AD51A9246FB}.Debug|x64.Build.0 = Debug|x64
		{BF770C07-9B9F-4405-A19E-6AD51A9246FB}.Debug|x86.ActiveCfg = Debug|Win32
		{BF770C07-9B9F-4405-A19E-6AD51A9246FB}.Debug|x86.Build.0 = Debug|Win32
		{BF770C07-9B9F-4405-A19E-6AD51A9246FB}.Release|x64.ActiveCfg = Release|x64
		{BF770C07-9B9F-4405-A19E-6AD51A9246FB}.Release|x64.Build.0 = Release|x64
		{BF770C07-9B9F-4405-A19E-6AD51A9246FB}.Release|x86.ActiveCfg = Release|Win32
		{BF770C07-9B9F-4405-A19E-6AD51A9246FB}.Release|x86.Build.0 = Release|Win32
		{3B34A780-4FC5-4DB9-8AAF-4A4F46562401}.Debug|x64.ActiveCfg = Debug|x64
		{3B34A780-4FC5-4DB9-8AAF-4A4F46562401}.Debug|x64.Build.0 = Debug|x64
		{3B34A780-4FC5-4DB9-8AAF-4A4F46562401}.Debug|x86.ActiveCfg = Debug|Win32
		{3B34A780-4FC5-4DB9-8AAF-4A4F46562401}.Debug|x86.Build.0 = Debug|Win32
		{3B34A780-4FC5-4DB9-8AAF-4A4F46562401}.Release|x64.ActiveCfg = Release|x64
		{3B34A780-4FC5-4DB9-8AAF-4A4F46562401}.Release|x64.Build.0 = Release|x64
		{3B34A780-4FC5-4DB9-8AAF-4A4F46562401}.Release|x86.ActiveCfg = Release|Win32
		{3B34A780-4FC5-4DB9-8AAF-4A4F46562401}.Release|x86.Build.0 = Release|Win32
		{9548756D-D5E6-46D2-AA5F-6409587EB6D6}.Debug|x64.ActiveCfg = Debug|x64
		{9548756D-D5E6-46D2-AA5F-6409587EB6D6}.Debug|x64.Build.0 = Debug|x64
		{9548756D-D5E6-46D2-AA5F-6409587EB6D6}.Debug|x86.ActiveCfg = Debug|Win32
		{9548756D-D5E6-46D2-AA5F-6409587EB6D6}.Debug|x86.Build.0 = Debug|Win32
		{9548756D-D5E6-46D2-AA5F-6409587EB6D6}.Release|x64.ActiveCfg = Release|x64
		{9548756D-D5E6-46D2-AA5F-6409587EB6D6}.Release|x64.Build.0 = Release|x64
		{9548756D-D5E6-46D2-AA5F-6409587EB6D6}.Release|x86.ActiveCfg = Release|Win32
		{9548756D-D5E6-46D2-AA5F-6409587EB6D6}.Release|x86.Build.0 = Release|Win32
		{E382E8BE-8B12-4775-B7D0-BEB052EC8F60}.Debug|x64.ActiveCfg = Debug|x64
		{E382E8BE-8B12-4775-B7D0-BEB052EC8F60}.Debug|x64.Build.0 = Debug|x64
		{E382E8BE-8B12-4775-B7D0-BEB052EC8F60}.Debug|x86.ActiveCfg = Debug|Win32
		{E382E8BE-8B12-4775-B7D0-BEB052EC8F60}.Debug|x86.Build.0 = Debug|Win32
		{E382E8BE-8B12-4775-B7D0-BEB052EC8F60}.Release|x64.ActiveCfg = Release|x64
		{E382E8BE-8B12-4775-B7D0-BEB052EC8F60}.Release|x64.Build.0 = Release|x64
		{E382E8BE-8B12-4775-B7D0-BEB052EC8F60}.Release|x86.ActiveCfg = Release|Win32
		{E382E8BE-8B12-4775-B7D0-BEB052EC8F60}.Release|x86.Build.0 = Release|Win32
		{0DDC78DB-00D7-4BC6-A8C8-7D3EDD2E0F69}.Debug|x64.ActiveCfg = Debug|x64
		{0DDC78DB-00D7-4BC6-A8C8-7D3EDD2E0F69}.Debug|x64.Build.0 = Debug|x64
		{0DDC78DB-00D7-4BC6-A8C8-7D3EDD2E0F69}.Debug|x86.ActiveCfg = Debug|Win32
		{0DDC78DB-00D7-4BC6-A8C8-7D3EDD2E0F69}.Debug|x86.Build.0 = Debug|Win32
		{0DDC78DB-00D7-4BC6-A8C8-7D3EDD2E0F69}.Release|x64.ActiveCfg = Release|x64
		{0DDC78DB-00D7-4BC6-A8C8-7D3EDD2E0F69}.Release|x64.Build.0 = Release|x64
		{0DDC78DB-00D7-4BC6-A8C8-7D3EDD2E0F69}.Release|x86.ActiveCfg = Release|Win32
		{0DDC78DB-00D7-4BC6-A8C8-7D3EDD2E0F69}.Release|x86.Build.0 = Release|Win32
		{843D449D-E919-424E-99D6-E81D6F05C01A}.Debug|x64.ActiveCfg = Debug|x64
		{843D449D-E919-424E-99D6-E81D6F05C01A}.Debug|x64.Build.0 = Debug|x64
		{843D449D-E919-424E-99D6-E81D6F05C01A}.Debug|x86.ActiveCfg = Debug|Win32
		{843D449D-E919-424E-99D6-E81D6F05C01A}.Debug|x86.Build.0 = Debug|Win32
		{843D449D-E919-424E-99D6-E81D6F05C01A}.Release|x64.ActiveCfg = Release|x64
		{843D449D-E919-424E-99D6-E81D6F05C01A}.Release|x64.Build.0 = Release|x64
		{843D449D-E919-424E-99D6-E81D6F05C01A}.Release|x86.ActiveCfg = Release|Win32
		{843D449D-E919-424E-99D6-E81D6F05C01A}.Release|x86.Build.0 = Release|Win32
		{56935A10-342E-44AC-B7C6-1584BAD53B4D}.Debug|x64.ActiveCfg = Debug|x64
		{56935A10-342E-44AC-B7C6-1584BAD53B4D}.Debug|x64.Build.0 = Debug|x64
		{56935A10-342E-44AC-B7C6-1584BAD53B4D}.Debug|x86.ActiveCfg = Debug|Win32
		{56935A10-342E-44AC-B7C6-1584BAD53B4D}.Debug|x86.Build.0 = Debug|Win32
		{56935A10-342E-44AC-B7C6-1584BAD53B4D}.Release|x64.ActiveCfg = Release|x64
		{56935A10-342E-44AC-B7C6-1584BAD53B4D}.Release|x64.Build.0 = Release|x64
		{56935A10-342E-44AC-B7C6-1584BAD53B4D}.Release|x86.ActiveCfg = Release|Win32
		{56935A10-342E-44AC-B7C6-1584BAD53B4D}.Release|x86.Build.0 = Release|Win32
	EndGlobalSection
	GlobalSection(SolutionProperties) = preSolution
		HideSolutionNode = FALSE
	EndGlobalSection
	GlobalSection(NestedProjects) = preSolution
		{52AFFC5C-5064-4845-976C-EFD7F118C756} = {A7697747-E456-42A3-A5FA-3DCC9B0629B2}
		{59E1FCA6-7AF5-453D-A062-9635105D9AE4} = {6286D9E7-4B7A-4F72-83CE-879949896950}
		{C413606F-0B52-490F-A47F-6DFB9E4EDA5D} = {D800075D-AB5A-4E6D-8912-7B043BEB5A0B}
		{F9F7CCC6-59EF-4F77-AB4E-4026AE58F131} = {D800075D-AB5A-4E6D-8912-7B043BEB5A0B}
		{AA02A841-D973-4157-B02D-EE3495701127} = {D800075D-AB5A-4E6D-8912-7B043BEB5A0B}
		{8D0CFCC4-528A-4F71-B906-41C628363FBD} = {7DC47D79-5966-4E41-B84C-045145AF3CAB}
		{BF770C07-9B9F-4405-A19E-6AD51A9246FB} = {7DC47D79-5966-4E41-B84C-045145AF3CAB}
		{3B34A780-4FC5-4DB9-8AAF-4A4F46562401} = {7DC47D79-5966-4E41-B84C-045145AF3CAB}
		{9548756D-D5E6-46D2-AA5F-6409587EB6D6} = {31D29B0B-3D51-49CF-82DB-10FD9E38953C}
		{E382E8BE-8B12-4775-B7D0-BEB052EC8F60} = {31D29B0B-3D51-49CF-82DB-10FD9E38953C}
		{0DDC78DB-00D7-4BC6-A8C8-7D3EDD2E0F69} = {31D29B0B-3D51-49CF-82DB-10FD9E38953C}
		{843D449D-E919-424E-99D6-E81D6F05C01A} = {B19406A2-412D-481B-8DDA-4372EAE52943}
		{56935A10-342E-44AC-B7C6-1584BAD53B4D} = {B19406A2-412D-481B-8DDA-4372EAE52943}
	EndGlobalSection
	GlobalSection(ExtensibilityGlobals) = postSolution
		SolutionGuid = {C4344A2D-1CA2-494F-84DE-D56A6B845DCC}
	EndGlobalSection
EndGlobal
